// !$*UTF8*$!
{
	archiveVersion = 1;
	classes = {
	};
	objectVersion = 55;
	objects = {

/* Begin PBXBuildFile section */
		1A21ACA62816801000DB8A27 /* Stopwatch.swift in Sources */ = {isa = PBXBuildFile; fileRef = 1A21ACA52816801000DB8A27 /* Stopwatch.swift */; };
		1A21ACA9281687B800DB8A27 /* StopwatchTableViewCell.swift in Sources */ = {isa = PBXBuildFile; fileRef = 1A21ACA7281687B800DB8A27 /* StopwatchTableViewCell.swift */; };
		1A21ACAA281687B800DB8A27 /* StopwatchTableViewCell.xib in Resources */ = {isa = PBXBuildFile; fileRef = 1A21ACA8281687B800DB8A27 /* StopwatchTableViewCell.xib */; };
		1A3D51E8280D71F100407C6F /* TabBarViewController.swift in Sources */ = {isa = PBXBuildFile; fileRef = 1A3D51E7280D71F100407C6F /* TabBarViewController.swift */; };
		1A611450280D56C700AEEC3C /* AppDelegate.swift in Sources */ = {isa = PBXBuildFile; fileRef = 1A61144F280D56C700AEEC3C /* AppDelegate.swift */; };
		1A611452280D56C700AEEC3C /* SceneDelegate.swift in Sources */ = {isa = PBXBuildFile; fileRef = 1A611451280D56C700AEEC3C /* SceneDelegate.swift */; };
		1A611454280D56C700AEEC3C /* ViewController.swift in Sources */ = {isa = PBXBuildFile; fileRef = 1A611453280D56C700AEEC3C /* ViewController.swift */; };
		1A611457280D56C700AEEC3C /* Main.storyboard in Resources */ = {isa = PBXBuildFile; fileRef = 1A611455280D56C700AEEC3C /* Main.storyboard */; };
		1A611459280D56C800AEEC3C /* Assets.xcassets in Resources */ = {isa = PBXBuildFile; fileRef = 1A611458280D56C800AEEC3C /* Assets.xcassets */; };
		1A61145C280D56C800AEEC3C /* LaunchScreen.storyboard in Resources */ = {isa = PBXBuildFile; fileRef = 1A61145A280D56C800AEEC3C /* LaunchScreen.storyboard */; };
		1A611465280D5EB400AEEC3C /* TabBar.storyboard in Resources */ = {isa = PBXBuildFile; fileRef = 1A611464280D5EB400AEEC3C /* TabBar.storyboard */; };
		1A98DF3C2816B5C900AB4E9B /* AlarmTableViewCell.swift in Sources */ = {isa = PBXBuildFile; fileRef = 1A98DF3A2816B5C900AB4E9B /* AlarmTableViewCell.swift */; };
		1A98DF3D2816B5C900AB4E9B /* AlarmTableViewCell.xib in Resources */ = {isa = PBXBuildFile; fileRef = 1A98DF3B2816B5C900AB4E9B /* AlarmTableViewCell.xib */; };
		1AB2B316281FB078001DB0D9 /* Color.xcassets in Resources */ = {isa = PBXBuildFile; fileRef = 1AB2B315281FB078001DB0D9 /* Color.xcassets */; };
		1AB2B31A281FB27F001DB0D9 /* UIColor+.swift in Sources */ = {isa = PBXBuildFile; fileRef = 1AB2B319281FB27F001DB0D9 /* UIColor+.swift */; };
		1AE5082D280D726E00B82143 /* Timer.storyboard in Resources */ = {isa = PBXBuildFile; fileRef = 1AE5082C280D726E00B82143 /* Timer.storyboard */; };
		1AE5082F280D72B900B82143 /* Alarm.storyboard in Resources */ = {isa = PBXBuildFile; fileRef = 1AE5082E280D72B900B82143 /* Alarm.storyboard */; };
		1AE50831280D72C600B82143 /* StopWatch.storyboard in Resources */ = {isa = PBXBuildFile; fileRef = 1AE50830280D72C600B82143 /* StopWatch.storyboard */; };
		1AE50833280D72D300B82143 /* WorldClock.storyboard in Resources */ = {isa = PBXBuildFile; fileRef = 1AE50832280D72D300B82143 /* WorldClock.storyboard */; };
		1AE50835280D72F100B82143 /* WorldClockViewController.swift in Sources */ = {isa = PBXBuildFile; fileRef = 1AE50834280D72F100B82143 /* WorldClockViewController.swift */; };
		1AE50837280D730000B82143 /* AlarmViewController.swift in Sources */ = {isa = PBXBuildFile; fileRef = 1AE50836280D730000B82143 /* AlarmViewController.swift */; };
		1AE50839280D730A00B82143 /* StopWatchViewController.swift in Sources */ = {isa = PBXBuildFile; fileRef = 1AE50838280D730A00B82143 /* StopWatchViewController.swift */; };
		1AE5083B280D731200B82143 /* TimerViewController.swift in Sources */ = {isa = PBXBuildFile; fileRef = 1AE5083A280D731200B82143 /* TimerViewController.swift */; };
/* End PBXBuildFile section */

/* Begin PBXFileReference section */
		1A21ACA52816801000DB8A27 /* Stopwatch.swift */ = {isa = PBXFileReference; lastKnownFileType = sourcecode.swift; path = Stopwatch.swift; sourceTree = "<group>"; };
		1A21ACA7281687B800DB8A27 /* StopwatchTableViewCell.swift */ = {isa = PBXFileReference; lastKnownFileType = sourcecode.swift; path = StopwatchTableViewCell.swift; sourceTree = "<group>"; };
		1A21ACA8281687B800DB8A27 /* StopwatchTableViewCell.xib */ = {isa = PBXFileReference; lastKnownFileType = file.xib; path = StopwatchTableViewCell.xib; sourceTree = "<group>"; };
		1A3D51E7280D71F100407C6F /* TabBarViewController.swift */ = {isa = PBXFileReference; lastKnownFileType = sourcecode.swift; path = TabBarViewController.swift; sourceTree = "<group>"; };
		1A61144C280D56C700AEEC3C /* Clock-Clone.app */ = {isa = PBXFileReference; explicitFileType = wrapper.application; includeInIndex = 0; path = "Clock-Clone.app"; sourceTree = BUILT_PRODUCTS_DIR; };
		1A61144F280D56C700AEEC3C /* AppDelegate.swift */ = {isa = PBXFileReference; lastKnownFileType = sourcecode.swift; path = AppDelegate.swift; sourceTree = "<group>"; };
		1A611451280D56C700AEEC3C /* SceneDelegate.swift */ = {isa = PBXFileReference; lastKnownFileType = sourcecode.swift; path = SceneDelegate.swift; sourceTree = "<group>"; };
		1A611453280D56C700AEEC3C /* ViewController.swift */ = {isa = PBXFileReference; lastKnownFileType = sourcecode.swift; path = ViewController.swift; sourceTree = "<group>"; };
		1A611456280D56C700AEEC3C /* Base */ = {isa = PBXFileReference; lastKnownFileType = file.storyboard; name = Base; path = Base.lproj/Main.storyboard; sourceTree = "<group>"; };
		1A611458280D56C800AEEC3C /* Assets.xcassets */ = {isa = PBXFileReference; lastKnownFileType = folder.assetcatalog; path = Assets.xcassets; sourceTree = "<group>"; };
		1A61145B280D56C800AEEC3C /* Base */ = {isa = PBXFileReference; lastKnownFileType = file.storyboard; name = Base; path = Base.lproj/LaunchScreen.storyboard; sourceTree = "<group>"; };
		1A61145D280D56C800AEEC3C /* Info.plist */ = {isa = PBXFileReference; lastKnownFileType = text.plist.xml; path = Info.plist; sourceTree = "<group>"; };
		1A611464280D5EB400AEEC3C /* TabBar.storyboard */ = {isa = PBXFileReference; lastKnownFileType = file.storyboard; path = TabBar.storyboard; sourceTree = "<group>"; };
		1A98DF3A2816B5C900AB4E9B /* AlarmTableViewCell.swift */ = {isa = PBXFileReference; lastKnownFileType = sourcecode.swift; path = AlarmTableViewCell.swift; sourceTree = "<group>"; };
		1A98DF3B2816B5C900AB4E9B /* AlarmTableViewCell.xib */ = {isa = PBXFileReference; lastKnownFileType = file.xib; path = AlarmTableViewCell.xib; sourceTree = "<group>"; };
		1AB2B315281FB078001DB0D9 /* Color.xcassets */ = {isa = PBXFileReference; lastKnownFileType = folder.assetcatalog; path = Color.xcassets; sourceTree = "<group>"; };
		1AB2B319281FB27F001DB0D9 /* UIColor+.swift */ = {isa = PBXFileReference; lastKnownFileType = sourcecode.swift; path = "UIColor+.swift"; sourceTree = "<group>"; };
		1AE5082C280D726E00B82143 /* Timer.storyboard */ = {isa = PBXFileReference; lastKnownFileType = file.storyboard; path = Timer.storyboard; sourceTree = "<group>"; };
		1AE5082E280D72B900B82143 /* Alarm.storyboard */ = {isa = PBXFileReference; lastKnownFileType = file.storyboard; path = Alarm.storyboard; sourceTree = "<group>"; };
		1AE50830280D72C600B82143 /* StopWatch.storyboard */ = {isa = PBXFileReference; lastKnownFileType = file.storyboard; path = StopWatch.storyboard; sourceTree = "<group>"; };
		1AE50832280D72D300B82143 /* WorldClock.storyboard */ = {isa = PBXFileReference; lastKnownFileType = file.storyboard; path = WorldClock.storyboard; sourceTree = "<group>"; };
		1AE50834280D72F100B82143 /* WorldClockViewController.swift */ = {isa = PBXFileReference; lastKnownFileType = sourcecode.swift; path = WorldClockViewController.swift; sourceTree = "<group>"; };
		1AE50836280D730000B82143 /* AlarmViewController.swift */ = {isa = PBXFileReference; lastKnownFileType = sourcecode.swift; path = AlarmViewController.swift; sourceTree = "<group>"; };
		1AE50838280D730A00B82143 /* StopWatchViewController.swift */ = {isa = PBXFileReference; lastKnownFileType = sourcecode.swift; path = StopWatchViewController.swift; sourceTree = "<group>"; };
		1AE5083A280D731200B82143 /* TimerViewController.swift */ = {isa = PBXFileReference; lastKnownFileType = sourcecode.swift; path = TimerViewController.swift; sourceTree = "<group>"; };
/* End PBXFileReference section */

/* Begin PBXFrameworksBuildPhase section */
		1A611449280D56C700AEEC3C /* Frameworks */ = {
			isa = PBXFrameworksBuildPhase;
			buildActionMask = 2147483647;
			files = (
			);
			runOnlyForDeploymentPostprocessing = 0;
		};
/* End PBXFrameworksBuildPhase section */

/* Begin PBXGroup section */
		1A611443280D56C700AEEC3C = {
			isa = PBXGroup;
			children = (
				1A61144E280D56C700AEEC3C /* Clock-Clone */,
				1A61144D280D56C700AEEC3C /* Products */,
			);
			sourceTree = "<group>";
		};
		1A61144D280D56C700AEEC3C /* Products */ = {
			isa = PBXGroup;
			children = (
				1A61144C280D56C700AEEC3C /* Clock-Clone.app */,
			);
			name = Products;
			sourceTree = "<group>";
		};
		1A61144E280D56C700AEEC3C /* Clock-Clone */ = {
			isa = PBXGroup;
			children = (
				1AB2B31D281FB2DC001DB0D9 /* Source */,
				1AB2B31B281FB2B6001DB0D9 /* Resource */,
				1AB2B317281FB261001DB0D9 /* Global */,
				1A61144F280D56C700AEEC3C /* AppDelegate.swift */,
				1A611451280D56C700AEEC3C /* SceneDelegate.swift */,
				1A611453280D56C700AEEC3C /* ViewController.swift */,
				1A611455280D56C700AEEC3C /* Main.storyboard */,
				1A61145A280D56C800AEEC3C /* LaunchScreen.storyboard */,
				1A61145D280D56C800AEEC3C /* Info.plist */,
			);
			path = "Clock-Clone";
			sourceTree = "<group>";
		};
		1A611463280D5E6900AEEC3C /* TabBar */ = {
			isa = PBXGroup;
			children = (
				1A611464280D5EB400AEEC3C /* TabBar.storyboard */,
			);
			path = TabBar;
			sourceTree = "<group>";
		};
		1AB2B317281FB261001DB0D9 /* Global */ = {
			isa = PBXGroup;
			children = (
				1AB2B318281FB269001DB0D9 /* Extension */,
			);
			path = Global;
			sourceTree = "<group>";
		};
		1AB2B318281FB269001DB0D9 /* Extension */ = {
			isa = PBXGroup;
			children = (
				1AB2B319281FB27F001DB0D9 /* UIColor+.swift */,
			);
			path = Extension;
			sourceTree = "<group>";
		};
		1AB2B31B281FB2B6001DB0D9 /* Resource */ = {
			isa = PBXGroup;
			children = (
				1AB2B329281FB359001DB0D9 /* Storyboard */,
				1AB2B31C281FB2C8001DB0D9 /* Asset */,
			);
			path = Resource;
			sourceTree = "<group>";
		};
		1AB2B31C281FB2C8001DB0D9 /* Asset */ = {
			isa = PBXGroup;
			children = (
				1A611458280D56C800AEEC3C /* Assets.xcassets */,
				1AB2B315281FB078001DB0D9 /* Color.xcassets */,
			);
			path = Asset;
			sourceTree = "<group>";
		};
		1AB2B31D281FB2DC001DB0D9 /* Source */ = {
			isa = PBXGroup;
			children = (
				1AB2B31E281FB2F0001DB0D9 /* Screen */,
			);
			path = Source;
			sourceTree = "<group>";
		};
		1AB2B31E281FB2F0001DB0D9 /* Screen */ = {
			isa = PBXGroup;
			children = (
				1AB2B323281FB324001DB0D9 /* StopWatch */,
				1AB2B322281FB31E001DB0D9 /* TabBar */,
				1AB2B321281FB315001DB0D9 /* WorldClock */,
				1AB2B320281FB30F001DB0D9 /* Alarm */,
				1AB2B31F281FB309001DB0D9 /* Timer */,
			);
			path = Screen;
			sourceTree = "<group>";
		};
		1AB2B31F281FB309001DB0D9 /* Timer */ = {
			isa = PBXGroup;
			children = (
				1AB2B328281FB347001DB0D9 /* Controller */,
			);
			path = Timer;
			sourceTree = "<group>";
		};
		1AB2B320281FB30F001DB0D9 /* Alarm */ = {
			isa = PBXGroup;
			children = (
				1AB2B32D281FB3AB001DB0D9 /* View */,
				1AB2B32C281FB3A5001DB0D9 /* Model */,
				1AB2B327281FB342001DB0D9 /* Controller */,
			);
			path = Alarm;
			sourceTree = "<group>";
		};
		1AB2B321281FB315001DB0D9 /* WorldClock */ = {
			isa = PBXGroup;
			children = (
				1AB2B326281FB33D001DB0D9 /* Controller */,
			);
			path = WorldClock;
			sourceTree = "<group>";
		};
		1AB2B322281FB31E001DB0D9 /* TabBar */ = {
			isa = PBXGroup;
			children = (
				1AB2B325281FB337001DB0D9 /* Controller */,
			);
			path = TabBar;
			sourceTree = "<group>";
		};
		1AB2B323281FB324001DB0D9 /* StopWatch */ = {
			isa = PBXGroup;
			children = (
				1AB2B32B281FB382001DB0D9 /* Model */,
				1AB2B32A281FB37A001DB0D9 /* View */,
				1AB2B324281FB32E001DB0D9 /* Controller */,
			);
			path = StopWatch;
			sourceTree = "<group>";
		};
		1AB2B324281FB32E001DB0D9 /* Controller */ = {
			isa = PBXGroup;
			children = (
				1AE50838280D730A00B82143 /* StopWatchViewController.swift */,
			);
			path = Controller;
			sourceTree = "<group>";
		};
		1AB2B325281FB337001DB0D9 /* Controller */ = {
			isa = PBXGroup;
			children = (
				1A3D51E7280D71F100407C6F /* TabBarViewController.swift */,
			);
			path = Controller;
			sourceTree = "<group>";
		};
		1AB2B326281FB33D001DB0D9 /* Controller */ = {
			isa = PBXGroup;
			children = (
				1AE50834280D72F100B82143 /* WorldClockViewController.swift */,
			);
			path = Controller;
			sourceTree = "<group>";
		};
		1AB2B327281FB342001DB0D9 /* Controller */ = {
			isa = PBXGroup;
			children = (
				1AE50836280D730000B82143 /* AlarmViewController.swift */,
			);
			path = Controller;
			sourceTree = "<group>";
		};
		1AB2B328281FB347001DB0D9 /* Controller */ = {
			isa = PBXGroup;
			children = (
				1AE5083A280D731200B82143 /* TimerViewController.swift */,
			);
			path = Controller;
			sourceTree = "<group>";
		};
		1AB2B329281FB359001DB0D9 /* Storyboard */ = {
			isa = PBXGroup;
			children = (
				1AE50828280D724900B82143 /* WorldClock */,
				1AE5082A280D725900B82143 /* StopWatch */,
				1A611463280D5E6900AEEC3C /* TabBar */,
				1AE50829280D725100B82143 /* Alarm */,
				1AE5082B280D726200B82143 /* Timer */,
			);
			path = Storyboard;
			sourceTree = "<group>";
		};
		1AB2B32A281FB37A001DB0D9 /* View */ = {
			isa = PBXGroup;
			children = (
				1A21ACA7281687B800DB8A27 /* StopwatchTableViewCell.swift */,
			);
			path = View;
			sourceTree = "<group>";
		};
		1AB2B32B281FB382001DB0D9 /* Model */ = {
			isa = PBXGroup;
			children = (
				1A21ACA52816801000DB8A27 /* Stopwatch.swift */,
			);
			path = Model;
			sourceTree = "<group>";
		};
		1AB2B32C281FB3A5001DB0D9 /* Model */ = {
			isa = PBXGroup;
			children = (
			);
			path = Model;
			sourceTree = "<group>";
		};
		1AB2B32D281FB3AB001DB0D9 /* View */ = {
			isa = PBXGroup;
			children = (
				1A98DF3A2816B5C900AB4E9B /* AlarmTableViewCell.swift */,
			);
			path = View;
			sourceTree = "<group>";
		};
		1AE50828280D724900B82143 /* WorldClock */ = {
			isa = PBXGroup;
			children = (
				1AE50832280D72D300B82143 /* WorldClock.storyboard */,
			);
			path = WorldClock;
			sourceTree = "<group>";
		};
		1AE50829280D725100B82143 /* Alarm */ = {
			isa = PBXGroup;
			children = (
				1AE5082E280D72B900B82143 /* Alarm.storyboard */,
				1A98DF3B2816B5C900AB4E9B /* AlarmTableViewCell.xib */,
			);
			path = Alarm;
			sourceTree = "<group>";
		};
		1AE5082A280D725900B82143 /* StopWatch */ = {
			isa = PBXGroup;
			children = (
				1AE50830280D72C600B82143 /* StopWatch.storyboard */,
				1A21ACA8281687B800DB8A27 /* StopwatchTableViewCell.xib */,
			);
			path = StopWatch;
			sourceTree = "<group>";
		};
		1AE5082B280D726200B82143 /* Timer */ = {
			isa = PBXGroup;
			children = (
				1AE5082C280D726E00B82143 /* Timer.storyboard */,
			);
			path = Timer;
			sourceTree = "<group>";
		};
/* End PBXGroup section */

/* Begin PBXNativeTarget section */
		1A61144B280D56C700AEEC3C /* Clock-Clone */ = {
			isa = PBXNativeTarget;
			buildConfigurationList = 1A611460280D56C800AEEC3C /* Build configuration list for PBXNativeTarget "Clock-Clone" */;
			buildPhases = (
				1A611448280D56C700AEEC3C /* Sources */,
				1A611449280D56C700AEEC3C /* Frameworks */,
				1A61144A280D56C700AEEC3C /* Resources */,
			);
			buildRules = (
			);
			dependencies = (
			);
			name = "Clock-Clone";
			productName = "Clock-Clone";
			productReference = 1A61144C280D56C700AEEC3C /* Clock-Clone.app */;
			productType = "com.apple.product-type.application";
		};
/* End PBXNativeTarget section */

/* Begin PBXProject section */
		1A611444280D56C700AEEC3C /* Project object */ = {
			isa = PBXProject;
			attributes = {
				BuildIndependentTargetsInParallel = 1;
				LastSwiftUpdateCheck = 1330;
				LastUpgradeCheck = 1330;
				TargetAttributes = {
					1A61144B280D56C700AEEC3C = {
						CreatedOnToolsVersion = 13.3.1;
					};
				};
			};
			buildConfigurationList = 1A611447280D56C700AEEC3C /* Build configuration list for PBXProject "Clock-Clone" */;
			compatibilityVersion = "Xcode 13.0";
			developmentRegion = en;
			hasScannedForEncodings = 0;
			knownRegions = (
				en,
				Base,
			);
			mainGroup = 1A611443280D56C700AEEC3C;
			productRefGroup = 1A61144D280D56C700AEEC3C /* Products */;
			projectDirPath = "";
			projectRoot = "";
			targets = (
				1A61144B280D56C700AEEC3C /* Clock-Clone */,
			);
		};
/* End PBXProject section */

/* Begin PBXResourcesBuildPhase section */
		1A61144A280D56C700AEEC3C /* Resources */ = {
			isa = PBXResourcesBuildPhase;
			buildActionMask = 2147483647;
			files = (
				1AE50833280D72D300B82143 /* WorldClock.storyboard in Resources */,
				1AE5082F280D72B900B82143 /* Alarm.storyboard in Resources */,
				1A21ACAA281687B800DB8A27 /* StopwatchTableViewCell.xib in Resources */,
				1AB2B316281FB078001DB0D9 /* Color.xcassets in Resources */,
				1AE5082D280D726E00B82143 /* Timer.storyboard in Resources */,
				1A611465280D5EB400AEEC3C /* TabBar.storyboard in Resources */,
				1A98DF3D2816B5C900AB4E9B /* AlarmTableViewCell.xib in Resources */,
				1A61145C280D56C800AEEC3C /* LaunchScreen.storyboard in Resources */,
				1A611459280D56C800AEEC3C /* Assets.xcassets in Resources */,
				1A611457280D56C700AEEC3C /* Main.storyboard in Resources */,
				1AE50831280D72C600B82143 /* StopWatch.storyboard in Resources */,
			);
			runOnlyForDeploymentPostprocessing = 0;
		};
/* End PBXResourcesBuildPhase section */

/* Begin PBXSourcesBuildPhase section */
		1A611448280D56C700AEEC3C /* Sources */ = {
			isa = PBXSourcesBuildPhase;
			buildActionMask = 2147483647;
			files = (
				1A3D51E8280D71F100407C6F /* TabBarViewController.swift in Sources */,
				1A21ACA9281687B800DB8A27 /* StopwatchTableViewCell.swift in Sources */,
				1A611454280D56C700AEEC3C /* ViewController.swift in Sources */,
				1AE50837280D730000B82143 /* AlarmViewController.swift in Sources */,
				1A611450280D56C700AEEC3C /* AppDelegate.swift in Sources */,
				1AB2B31A281FB27F001DB0D9 /* UIColor+.swift in Sources */,
				1A21ACA62816801000DB8A27 /* Stopwatch.swift in Sources */,
				1AE5083B280D731200B82143 /* TimerViewController.swift in Sources */,
				1A98DF3C2816B5C900AB4E9B /* AlarmTableViewCell.swift in Sources */,
				1A611452280D56C700AEEC3C /* SceneDelegate.swift in Sources */,
				1AE50839280D730A00B82143 /* StopWatchViewController.swift in Sources */,
				1AE50835280D72F100B82143 /* WorldClockViewController.swift in Sources */,
			);
			runOnlyForDeploymentPostprocessing = 0;
		};
/* End PBXSourcesBuildPhase section */

/* Begin PBXVariantGroup section */
		1A611455280D56C700AEEC3C /* Main.storyboard */ = {
			isa = PBXVariantGroup;
			children = (
				1A611456280D56C700AEEC3C /* Base */,
			);
			name = Main.storyboard;
			sourceTree = "<group>";
		};
		1A61145A280D56C800AEEC3C /* LaunchScreen.storyboard */ = {
			isa = PBXVariantGroup;
			children = (
				1A61145B280D56C800AEEC3C /* Base */,
			);
			name = LaunchScreen.storyboard;
			sourceTree = "<group>";
		};
/* End PBXVariantGroup section */

/* Begin XCBuildConfiguration section */
		1A61145E280D56C800AEEC3C /* Debug */ = {
			isa = XCBuildConfiguration;
			buildSettings = {
				ALWAYS_SEARCH_USER_PATHS = NO;
				CLANG_ANALYZER_NONNULL = YES;
				CLANG_ANALYZER_NUMBER_OBJECT_CONVERSION = YES_AGGRESSIVE;
				CLANG_CXX_LANGUAGE_STANDARD = "gnu++17";
				CLANG_ENABLE_MODULES = YES;
				CLANG_ENABLE_OBJC_ARC = YES;
				CLANG_ENABLE_OBJC_WEAK = YES;
				CLANG_WARN_BLOCK_CAPTURE_AUTORELEASING = YES;
				CLANG_WARN_BOOL_CONVERSION = YES;
				CLANG_WARN_COMMA = YES;
				CLANG_WARN_CONSTANT_CONVERSION = YES;
				CLANG_WARN_DEPRECATED_OBJC_IMPLEMENTATIONS = YES;
				CLANG_WARN_DIRECT_OBJC_ISA_USAGE = YES_ERROR;
				CLANG_WARN_DOCUMENTATION_COMMENTS = YES;
				CLANG_WARN_EMPTY_BODY = YES;
				CLANG_WARN_ENUM_CONVERSION = YES;
				CLANG_WARN_INFINITE_RECURSION = YES;
				CLANG_WARN_INT_CONVERSION = YES;
				CLANG_WARN_NON_LITERAL_NULL_CONVERSION = YES;
				CLANG_WARN_OBJC_IMPLICIT_RETAIN_SELF = YES;
				CLANG_WARN_OBJC_LITERAL_CONVERSION = YES;
				CLANG_WARN_OBJC_ROOT_CLASS = YES_ERROR;
				CLANG_WARN_QUOTED_INCLUDE_IN_FRAMEWORK_HEADER = YES;
				CLANG_WARN_RANGE_LOOP_ANALYSIS = YES;
				CLANG_WARN_STRICT_PROTOTYPES = YES;
				CLANG_WARN_SUSPICIOUS_MOVE = YES;
				CLANG_WARN_UNGUARDED_AVAILABILITY = YES_AGGRESSIVE;
				CLANG_WARN_UNREACHABLE_CODE = YES;
				CLANG_WARN__DUPLICATE_METHOD_MATCH = YES;
				COPY_PHASE_STRIP = NO;
				DEBUG_INFORMATION_FORMAT = dwarf;
				ENABLE_STRICT_OBJC_MSGSEND = YES;
				ENABLE_TESTABILITY = YES;
				GCC_C_LANGUAGE_STANDARD = gnu11;
				GCC_DYNAMIC_NO_PIC = NO;
				GCC_NO_COMMON_BLOCKS = YES;
				GCC_OPTIMIZATION_LEVEL = 0;
				GCC_PREPROCESSOR_DEFINITIONS = (
					"DEBUG=1",
					"$(inherited)",
				);
				GCC_WARN_64_TO_32_BIT_CONVERSION = YES;
				GCC_WARN_ABOUT_RETURN_TYPE = YES_ERROR;
				GCC_WARN_UNDECLARED_SELECTOR = YES;
				GCC_WARN_UNINITIALIZED_AUTOS = YES_AGGRESSIVE;
				GCC_WARN_UNUSED_FUNCTION = YES;
				GCC_WARN_UNUSED_VARIABLE = YES;
				IPHONEOS_DEPLOYMENT_TARGET = 15.4;
				MTL_ENABLE_DEBUG_INFO = INCLUDE_SOURCE;
				MTL_FAST_MATH = YES;
				ONLY_ACTIVE_ARCH = YES;
				SDKROOT = iphoneos;
				SWIFT_ACTIVE_COMPILATION_CONDITIONS = DEBUG;
				SWIFT_OPTIMIZATION_LEVEL = "-Onone";
			};
			name = Debug;
		};
		1A61145F280D56C800AEEC3C /* Release */ = {
			isa = XCBuildConfiguration;
			buildSettings = {
				ALWAYS_SEARCH_USER_PATHS = NO;
				CLANG_ANALYZER_NONNULL = YES;
				CLANG_ANALYZER_NUMBER_OBJECT_CONVERSION = YES_AGGRESSIVE;
				CLANG_CXX_LANGUAGE_STANDARD = "gnu++17";
				CLANG_ENABLE_MODULES = YES;
				CLANG_ENABLE_OBJC_ARC = YES;
				CLANG_ENABLE_OBJC_WEAK = YES;
				CLANG_WARN_BLOCK_CAPTURE_AUTORELEASING = YES;
				CLANG_WARN_BOOL_CONVERSION = YES;
				CLANG_WARN_COMMA = YES;
				CLANG_WARN_CONSTANT_CONVERSION = YES;
				CLANG_WARN_DEPRECATED_OBJC_IMPLEMENTATIONS = YES;
				CLANG_WARN_DIRECT_OBJC_ISA_USAGE = YES_ERROR;
				CLANG_WARN_DOCUMENTATION_COMMENTS = YES;
				CLANG_WARN_EMPTY_BODY = YES;
				CLANG_WARN_ENUM_CONVERSION = YES;
				CLANG_WARN_INFINITE_RECURSION = YES;
				CLANG_WARN_INT_CONVERSION = YES;
				CLANG_WARN_NON_LITERAL_NULL_CONVERSION = YES;
				CLANG_WARN_OBJC_IMPLICIT_RETAIN_SELF = YES;
				CLANG_WARN_OBJC_LITERAL_CONVERSION = YES;
				CLANG_WARN_OBJC_ROOT_CLASS = YES_ERROR;
				CLANG_WARN_QUOTED_INCLUDE_IN_FRAMEWORK_HEADER = YES;
				CLANG_WARN_RANGE_LOOP_ANALYSIS = YES;
				CLANG_WARN_STRICT_PROTOTYPES = YES;
				CLANG_WARN_SUSPICIOUS_MOVE = YES;
				CLANG_WARN_UNGUARDED_AVAILABILITY = YES_AGGRESSIVE;
				CLANG_WARN_UNREACHABLE_CODE = YES;
				CLANG_WARN__DUPLICATE_METHOD_MATCH = YES;
				COPY_PHASE_STRIP = NO;
				DEBUG_INFORMATION_FORMAT = "dwarf-with-dsym";
				ENABLE_NS_ASSERTIONS = NO;
				ENABLE_STRICT_OBJC_MSGSEND = YES;
				GCC_C_LANGUAGE_STANDARD = gnu11;
				GCC_NO_COMMON_BLOCKS = YES;
				GCC_WARN_64_TO_32_BIT_CONVERSION = YES;
				GCC_WARN_ABOUT_RETURN_TYPE = YES_ERROR;
				GCC_WARN_UNDECLARED_SELECTOR = YES;
				GCC_WARN_UNINITIALIZED_AUTOS = YES_AGGRESSIVE;
				GCC_WARN_UNUSED_FUNCTION = YES;
				GCC_WARN_UNUSED_VARIABLE = YES;
				IPHONEOS_DEPLOYMENT_TARGET = 15.4;
				MTL_ENABLE_DEBUG_INFO = NO;
				MTL_FAST_MATH = YES;
				SDKROOT = iphoneos;
				SWIFT_COMPILATION_MODE = wholemodule;
				SWIFT_OPTIMIZATION_LEVEL = "-O";
				VALIDATE_PRODUCT = YES;
			};
			name = Release;
		};
		1A611461280D56C800AEEC3C /* Debug */ = {
			isa = XCBuildConfiguration;
			buildSettings = {
				ASSETCATALOG_COMPILER_APPICON_NAME = AppIcon;
				ASSETCATALOG_COMPILER_GLOBAL_ACCENT_COLOR_NAME = AccentColor;
				CODE_SIGN_STYLE = Automatic;
				CURRENT_PROJECT_VERSION = 1;
				GENERATE_INFOPLIST_FILE = YES;
				INFOPLIST_FILE = "Clock-Clone/Info.plist";
				INFOPLIST_KEY_UIApplicationSupportsIndirectInputEvents = YES;
				INFOPLIST_KEY_UILaunchStoryboardName = LaunchScreen;
				INFOPLIST_KEY_UIMainStoryboardFile = Main;
				INFOPLIST_KEY_UISupportedInterfaceOrientations_iPad = "UIInterfaceOrientationPortrait UIInterfaceOrientationPortraitUpsideDown UIInterfaceOrientationLandscapeLeft UIInterfaceOrientationLandscapeRight";
				INFOPLIST_KEY_UISupportedInterfaceOrientations_iPhone = "UIInterfaceOrientationPortrait UIInterfaceOrientationLandscapeLeft UIInterfaceOrientationLandscapeRight";
				LD_RUNPATH_SEARCH_PATHS = (
					"$(inherited)",
					"@executable_path/Frameworks",
				);
				MARKETING_VERSION = 1.0;
				PRODUCT_BUNDLE_IDENTIFIER = "com.sopt.Clock-Clone";
				PRODUCT_NAME = "$(TARGET_NAME)";
				SWIFT_EMIT_LOC_STRINGS = YES;
				SWIFT_VERSION = 5.0;
				TARGETED_DEVICE_FAMILY = "1,2";
			};
			name = Debug;
		};
		1A611462280D56C800AEEC3C /* Release */ = {
			isa = XCBuildConfiguration;
			buildSettings = {
				ASSETCATALOG_COMPILER_APPICON_NAME = AppIcon;
				ASSETCATALOG_COMPILER_GLOBAL_ACCENT_COLOR_NAME = AccentColor;
				CODE_SIGN_STYLE = Automatic;
				CURRENT_PROJECT_VERSION = 1;
				GENERATE_INFOPLIST_FILE = YES;
				INFOPLIST_FILE = "Clock-Clone/Info.plist";
				INFOPLIST_KEY_UIApplicationSupportsIndirectInputEvents = YES;
				INFOPLIST_KEY_UILaunchStoryboardName = LaunchScreen;
				INFOPLIST_KEY_UIMainStoryboardFile = Main;
				INFOPLIST_KEY_UISupportedInterfaceOrientations_iPad = "UIInterfaceOrientationPortrait UIInterfaceOrientationPortraitUpsideDown UIInterfaceOrientationLandscapeLeft UIInterfaceOrientationLandscapeRight";
				INFOPLIST_KEY_UISupportedInterfaceOrientations_iPhone = "UIInterfaceOrientationPortrait UIInterfaceOrientationLandscapeLeft UIInterfaceOrientationLandscapeRight";
				LD_RUNPATH_SEARCH_PATHS = (
					"$(inherited)",
					"@executable_path/Frameworks",
				);
				MARKETING_VERSION = 1.0;
				PRODUCT_BUNDLE_IDENTIFIER = "com.sopt.Clock-Clone";
				PRODUCT_NAME = "$(TARGET_NAME)";
				SWIFT_EMIT_LOC_STRINGS = YES;
				SWIFT_VERSION = 5.0;
				TARGETED_DEVICE_FAMILY = "1,2";
			};
			name = Release;
		};
/* End XCBuildConfiguration section */

/* Begin XCConfigurationList section */
		1A611447280D56C700AEEC3C /* Build configuration list for PBXProject "Clock-Clone" */ = {
			isa = XCConfigurationList;
			buildConfigurations = (
				1A61145E280D56C800AEEC3C /* Debug */,
				1A61145F280D56C800AEEC3C /* Release */,
			);
			defaultConfigurationIsVisible = 0;
			defaultConfigurationName = Release;
		};
		1A611460280D56C800AEEC3C /* Build configuration list for PBXNativeTarget "Clock-Clone" */ = {
			isa = XCConfigurationList;
			buildConfigurations = (
				1A611461280D56C800AEEC3C /* Debug */,
				1A611462280D56C800AEEC3C /* Release */,
			);
			defaultConfigurationIsVisible = 0;
			defaultConfigurationName = Release;
		};
/* End XCConfigurationList section */
	};
	rootObject = 1A611444280D56C700AEEC3C /* Project object */;
}
